
Microsoft Visual Studio Solution File, Format Version 11.00
# Visual Studio 2010
Project("{FAE04EC0-301F-11D3-BF4B-00C04F79EFBC}") = "PhotonUnityNetworking.Demos", "PhotonUnityNetworking.Demos.csproj", "{6A80401F-1A0F-35B6-67F2-1AF1C3EB495A}"
EndProject
Project("{FAE04EC0-301F-11D3-BF4B-00C04F79EFBC}") = "PhotonUnityNetworking.Utilities", "PhotonUnityNetworking.Utilities.csproj", "{46C606D5-73EA-5D39-B1A0-F7705386ED05}"
EndProject
Project("{FAE04EC0-301F-11D3-BF4B-00C04F79EFBC}") = "PhotonChat", "PhotonChat.csproj", "{3F2B5DA2-B6D2-8221-2703-E64ED352A736}"
EndProject
Project("{FAE04EC0-301F-11D3-BF4B-00C04F79EFBC}") = "PhotonUnityNetworking", "PhotonUnityNetworking.csproj", "{B95B5C9F-EBEA-D90E-9CA7-47AF482BD30C}"
EndProject
Project("{FAE04EC0-301F-11D3-BF4B-00C04F79EFBC}") = "Assembly-CSharp", "Assembly-CSharp.csproj", "{8B6831DE-4A45-A01A-8F21-B04246E5055D}"
EndProject
Project("{FAE04EC0-301F-11D3-BF4B-00C04F79EFBC}") = "PhotonRealtime", "PhotonRealtime.csproj", "{5FE3CAAD-3DAE-9312-241B-0792C68C2638}"
EndProject
Project("{FAE04EC0-301F-11D3-BF4B-00C04F79EFBC}") = "PhotonWebSocket", "PhotonWebSocket.csproj", "{8053A4AA-D3A6-C6DE-C6C5-2E7F97DE543E}"
EndProject
Project("{FAE04EC0-301F-11D3-BF4B-00C04F79EFBC}") = "PhotonUnityNetworking.Editor", "PhotonUnityNetworking.Editor.csproj", "{6344E82A-192A-61EF-C136-AB95CE4A0B31}"
EndProject
Project("{FAE04EC0-301F-11D3-BF4B-00C04F79EFBC}") = "PunDemos.DemoHubEditor", "PunDemos.DemoHubEditor.csproj", "{E895252A-7FE7-7D60-2FCC-BF906322A5DD}"
EndProject
Project("{FAE04EC0-301F-11D3-BF4B-00C04F79EFBC}") = "PhotonUnityNetworking.Utilities.PhotonPlayer.Editor", "PhotonUnityNetworking.Utilities.PhotonPlayer.Editor.csproj", "{021B2994-FC2C-71A3-A075-63C3460F912D}"
EndProject
Project("{FAE04EC0-301F-11D3-BF4B-00C04F79EFBC}") = "PhotonUnityNetworking.Utilities.Culling.Editor", "PhotonUnityNetworking.Utilities.Culling.Editor.csproj", "{142872B7-9E7D-DEC5-58DC-6D9FC7F95444}"
EndProject
Project("{FAE04EC0-301F-11D3-BF4B-00C04F79EFBC}") = "PunDemos.DemoSlotcarEditor", "PunDemos.DemoSlotcarEditor.csproj", "{11B3658A-A5E8-9F66-9F0E-4F6446BA9DF2}"
EndProject
Global
	GlobalSection(SolutionConfigurationPlatforms) = preSolution
		Debug|Any CPU = Debug|Any CPU
		Release|Any CPU = Release|Any CPU
	EndGlobalSection
	GlobalSection(ProjectConfigurationPlatforms) = postSolution
		{6A80401F-1A0F-35B6-67F2-1AF1C3EB495A}.Debug|Any CPU.ActiveCfg = Debug|Any CPU
		{6A80401F-1A0F-35B6-67F2-1AF1C3EB495A}.Debug|Any CPU.Build.0 = Debug|Any CPU
		{6A80401F-1A0F-35B6-67F2-1AF1C3EB495A}.Release|Any CPU.ActiveCfg = Release|Any CPU
		{6A80401F-1A0F-35B6-67F2-1AF1C3EB495A}.Release|Any CPU.Build.0 = Release|Any CPU
		{46C606D5-73EA-5D39-B1A0-F7705386ED05}.Debug|Any CPU.ActiveCfg = Debug|Any CPU
		{46C606D5-73EA-5D39-B1A0-F7705386ED05}.Debug|Any CPU.Build.0 = Debug|Any CPU
		{46C606D5-73EA-5D39-B1A0-F7705386ED05}.Release|Any CPU.ActiveCfg = Release|Any CPU
		{46C606D5-73EA-5D39-B1A0-F7705386ED05}.Release|Any CPU.Build.0 = Release|Any CPU
		{3F2B5DA2-B6D2-8221-2703-E64ED352A736}.Debug|Any CPU.ActiveCfg = Debug|Any CPU
		{3F2B5DA2-B6D2-8221-2703-E64ED352A736}.Debug|Any CPU.Build.0 = Debug|Any CPU
		{3F2B5DA2-B6D2-8221-2703-E64ED352A736}.Release|Any CPU.ActiveCfg = Release|Any CPU
		{3F2B5DA2-B6D2-8221-2703-E64ED352A736}.Release|Any CPU.Build.0 = Release|Any CPU
		{B95B5C9F-EBEA-D90E-9CA7-47AF482BD30C}.Debug|Any CPU.ActiveCfg = Debug|Any CPU
		{B95B5C9F-EBEA-D90E-9CA7-47AF482BD30C}.Debug|Any CPU.Build.0 = Debug|Any CPU
		{B95B5C9F-EBEA-D90E-9CA7-47AF482BD30C}.Release|Any CPU.ActiveCfg = Release|Any CPU
		{B95B5C9F-EBEA-D90E-9CA7-47AF482BD30C}.Release|Any CPU.Build.0 = Release|Any CPU
		{8B6831DE-4A45-A01A-8F21-B04246E5055D}.Debug|Any CPU.ActiveCfg = Debug|Any CPU
		{8B6831DE-4A45-A01A-8F21-B04246E5055D}.Debug|Any CPU.Build.0 = Debug|Any CPU
		{8B6831DE-4A45-A01A-8F21-B04246E5055D}.Release|Any CPU.ActiveCfg = Release|Any CPU
		{8B6831DE-4A45-A01A-8F21-B04246E5055D}.Release|Any CPU.Build.0 = Release|Any CPU
		{5FE3CAAD-3DAE-9312-241B-0792C68C2638}.Debug|Any CPU.ActiveCfg = Debug|Any CPU
		{5FE3CAAD-3DAE-9312-241B-0792C68C2638}.Debug|Any CPU.Build.0 = Debug|Any CPU
		{5FE3CAAD-3DAE-9312-241B-0792C68C2638}.Release|Any CPU.ActiveCfg = Release|Any CPU
		{5FE3CAAD-3DAE-9312-241B-0792C68C2638}.Release|Any CPU.Build.0 = Release|Any CPU
		{8053A4AA-D3A6-C6DE-C6C5-2E7F97DE543E}.Debug|Any CPU.ActiveCfg = Debug|Any CPU
		{8053A4AA-D3A6-C6DE-C6C5-2E7F97DE543E}.Debug|Any CPU.Build.0 = Debug|Any CPU
		{8053A4AA-D3A6-C6DE-C6C5-2E7F97DE543E}.Release|Any CPU.ActiveCfg = Release|Any CPU
		{8053A4AA-D3A6-C6DE-C6C5-2E7F97DE543E}.Release|Any CPU.Build.0 = Release|Any CPU
		{6344E82A-192A-61EF-C136-AB95CE4A0B31}.Debug|Any CPU.ActiveCfg = Debug|Any CPU
		{6344E82A-192A-61EF-C136-AB95CE4A0B31}.Debug|Any CPU.Build.0 = Debug|Any CPU
		{6344E82A-192A-61EF-C136-AB95CE4A0B31}.Release|Any CPU.ActiveCfg = Release|Any CPU
		{6344E82A-192A-61EF-C136-AB95CE4A0B31}.Release|Any CPU.Build.0 = Release|Any CPU
		{E895252A-7FE7-7D60-2FCC-BF906322A5DD}.Debug|Any CPU.ActiveCfg = Debug|Any CPU
		{E895252A-7FE7-7D60-2FCC-BF906322A5DD}.Debug|Any CPU.Build.0 = Debug|Any CPU
		{E895252A-7FE7-7D60-2FCC-BF906322A5DD}.Release|Any CPU.ActiveCfg = Release|Any CPU
		{E895252A-7FE7-7D60-2FCC-BF906322A5DD}.Release|Any CPU.Build.0 = Release|Any CPU
		{021B2994-FC2C-71A3-A075-63C3460F912D}.Debug|Any CPU.ActiveCfg = Debug|Any CPU
		{021B2994-FC2C-71A3-A075-63C3460F912D}.Debug|Any CPU.Build.0 = Debug|Any CPU
		{021B2994-FC2C-71A3-A075-63C3460F912D}.Release|Any CPU.ActiveCfg = Release|Any CPU
		{021B2994-FC2C-71A3-A075-63C3460F912D}.Release|Any CPU.Build.0 = Release|Any CPU
		{142872B7-9E7D-DEC5-58DC-6D9FC7F95444}.Debug|Any CPU.ActiveCfg = Debug|Any CPU
		{142872B7-9E7D-DEC5-58DC-6D9FC7F95444}.Debug|Any CPU.Build.0 = Debug|Any CPU
		{142872B7-9E7D-DEC5-58DC-6D9FC7F95444}.Release|Any CPU.ActiveCfg = Release|Any CPU
		{142872B7-9E7D-DEC5-58DC-6D9FC7F95444}.Release|Any CPU.Build.0 = Release|Any CPU
		{11B3658A-A5E8-9F66-9F0E-4F6446BA9DF2}.Debug|Any CPU.ActiveCfg = Debug|Any CPU
		{11B3658A-A5E8-9F66-9F0E-4F6446BA9DF2}.Debug|Any CPU.Build.0 = Debug|Any CPU
		{11B3658A-A5E8-9F66-9F0E-4F6446BA9DF2}.Release|Any CPU.ActiveCfg = Release|Any CPU
		{11B3658A-A5E8-9F66-9F0E-4F6446BA9DF2}.Release|Any CPU.Build.0 = Release|Any CPU
	EndGlobalSection
	GlobalSection(SolutionProperties) = preSolution
		HideSolutionNode = FALSE
	EndGlobalSection
EndGlobal
